
Microsoft Visual Studio Solution File, Format Version 12.00
# Visual Studio Version 17
VisualStudioVersion = 17.5.33424.131
MinimumVisualStudioVersion = 10.0.40219.1
Project("{FAE04EC0-301F-11D3-BF4B-00C04F79EFBC}") = "StayFlexy", "StayFlexy\StayFlexy.csproj", "{E2FFFDA3-9EB2-4E5F-A239-EC79B7710DAF}"
EndProject
Global
	GlobalSection(SolutionConfigurationPlatforms) = preSolution
		Debug|Any CPU = Debug|Any CPU
		Release|Any CPU = Release|Any CPU
	EndGlobalSection
	GlobalSection(ProjectConfigurationPlatforms) = postSolution
		{E2FFFDA3-9EB2-4E5F-A239-EC79B7710DAF}.Debug|Any CPU.ActiveCfg = Debug|Any CPU
		{E2FFFDA3-9EB2-4E5F-A239-EC79B7710DAF}.Debug|Any CPU.Build.0 = Debug|Any CPU
		{E2FFFDA3-9EB2-4E5F-A239-EC79B7710DAF}.Release|Any CPU.ActiveCfg = Release|Any CPU
		{E2FFFDA3-9EB2-4E5F-A239-EC79B7710DAF}.Release|Any CPU.Build.0 = Release|Any CPU
	EndGlobalSection
	GlobalSection(SolutionProperties) = preSolution
		HideSolutionNode = FALSE
	EndGlobalSection
	GlobalSection(ExtensibilityGlobals) = postSolution
		SolutionGuid = {D3FF5D50-AEFE-460F-93FC-B4E267ED8D07}
	EndGlobalSection
EndGlobal
